
Microsoft Visual Studio Solution File, Format Version 12.00
# Visual Studio Version 16
VisualStudioVersion = 16.0.33423.256
MinimumVisualStudioVersion = 10.0.40219.1
Project("{FAE04EC0-301F-11D3-BF4B-00C04F79EFBC}") = "Calculadora", "Calculadora\Calculadora.csproj", "{9185ADBE-BB33-4E72-A7E9-0B0A22E98157}"
EndProject
Global
	GlobalSection(SolutionConfigurationPlatforms) = preSolution
		Debug|Any CPU = Debug|Any CPU
		Release|Any CPU = Release|Any CPU
	EndGlobalSection
	GlobalSection(ProjectConfigurationPlatforms) = postSolution
		{9185ADBE-BB33-4E72-A7E9-0B0A22E98157}.Debug|Any CPU.ActiveCfg = Debug|Any CPU
		{9185ADBE-BB33-4E72-A7E9-0B0A22E98157}.Debug|Any CPU.Build.0 = Debug|Any CPU
		{9185ADBE-BB33-4E72-A7E9-0B0A22E98157}.Release|Any CPU.ActiveCfg = Release|Any CPU
		{9185ADBE-BB33-4E72-A7E9-0B0A22E98157}.Release|Any CPU.Build.0 = Release|Any CPU
	EndGlobalSection
	GlobalSection(SolutionProperties) = preSolution
		HideSolutionNode = FALSE
	EndGlobalSection
	GlobalSection(ExtensibilityGlobals) = postSolution
		SolutionGuid = {97CB893A-A98E-411B-8DDD-96CBD8D7AF50}
	EndGlobalSection
EndGlobal
